github.com/99designs/go-keychain v0.0.0-20191008050251-8e49817e8af4 h1:/vQbFIOMbk2FiG/kXiLl8BRyzTWDw7gX/Hz7Dd5eDMs=
github.com/99designs/go-keychain v0.0.0-20191008050251-8e49817e8af4/go.mod h1:hN7oaIRCjzsZ2dE+yG5k+rsdt3qcwykqK6HVGcKwsw4=
github.com/99designs/keyring v1.2.2 h1:pZd3neh/EmUzWONb35LxQfvuY7kiSXAq3HQd97+XBn0=
github.com/99designs/keyring v1.2.2/go.mod h1:wes/FrByc8j7lFOAGLGSNEg8f/PaI3cgTBqhFkHUrPk=
github.com/Azure/azure-sdk-for-go/sdk/azcore v1.9.2 h1:c4k2FIYIh4xtwqrQwV0Ct1v5+ehlNXj5NI/MWVsiTkQ=
github.com/Azure/azure-sdk-for-go/sdk/azcore v1.9.2/go.mod h1:5FDJtLEO/GxwNgUxbwrY3LP0pEoThTQJtk2oysdXHxM=
github.com/Azure/azure-sdk-for-go/sdk/internal v1.5.2 h1:LqbJ/WzJUwBf8UiaSzgX7aMclParm9/5Vgp+TY51uBQ=
github.com/Azure/azure-sdk-for-go/sdk/internal v1.5.2/go.mod h1:yInRyqWXAuaPrgI7p70+lDDgh3mlBohis29jGMISnmc=
github.com/Azure/azure-sdk-for-go/sdk/storage/azblob v1.3.0 h1:IfFdxTUDiV58iZqPKgyWiz4X4fCxZeQ1pTQPImLYXpY=
github.com/Azure/azure-sdk-for-go/sdk/storage/azblob v1.3.0/go.mod h1:SUZc9YRRHfx2+FAQKNDGrssXehqLpxmwRv2mC/5ntj4=
github.com/JohnCGriffin/overflow v0.0.0-20211019200055-46fa312c352c h1:RGWPOewvKIROun94nF7v2cua9qP+thov/7M50KEoeSU=
github.com/JohnCGriffin/overflow v0.0.0-20211019200055-46fa312c352c/go.mod h1:X0CRv0ky0k6m906ixxpzmDRLvX58TFUKS2eePweuyxk=
github.com/apache/arrow/go/v14 v14.0.2 h1:N8OkaJEOfI3mEZt07BIkvo4sC6XDbL+48MBPWO5IONw=
github.com/apache/arrow/go/v14 v14.0.2/go.mod h1:u3fgh3EdgN/YQ8cVQRguVW3R+seMybFg8QBQ5LU+eBY=
github.com/aws/aws-sdk-go-v2 v1.25.0 h1:sv7+1JVJxOu/dD/sz/csHX7jFqmP001TIY7aytBWDSQ=
github.com/aws/aws-sdk-go-v2 v1.25.0/go.mod h1:G104G1Aho5WqF+SR3mDIobTABQzpYV0WxMsKxlMggOA=
github.com/aws/aws-sdk-go-v2 v1.25.2 h1:/uiG1avJRgLGiQM9X3qJM8+Qa6KRGK5rRPuXE0HUM+w=
github.com/aws/aws-sdk-go-v2 v1.25.2/go.mod h1:Evoc5AsmtveRt1komDwIsjHFyrP5tDuF1D1U+6z6pNo=
github.com/aws/aws-sdk-go-v2/aws/protocol/eventstream v1.6.0 h1:2UO6/nT1lCZq1LqM67Oa4tdgP1CvL1sLSxvuD+VrOeE=
github.com/aws/aws-sdk-go-v2/aws/protocol/eventstream v1.6.0/go.mod h1:5zGj2eA85ClyedTDK+Whsu+w9yimnVIZvhvBKrDquM8=
github.com/aws/aws-sdk-go-v2/aws/protocol/eventstream v1.6.1 h1:gTK2uhtAPtFcdRRJilZPx8uJLL2J85xK11nKtWL0wfU=
github.com/aws/aws-sdk-go-v2/aws/protocol/eventstream v1.6.1/go.mod h1:sxpLb+nZk7tIfCWChfd+h4QwHNUR57d8hA1cleTkjJo=
github.com/aws/aws-sdk-go-v2/credentials v1.17.0 h1:lMW2x6sKBsiAJrpi1doOXqWFyEPoE886DTb1X0wb7So=
github.com/aws/aws-sdk-go-v2/credentials v1.17.0/go.mod h1:uT41FIH8cCIxOdUYIL0PYyHlL1NoneDuDSCwg5VE/5o=
github.com/aws/aws-sdk-go-v2/credentials v1.17.4 h1:h5Vztbd8qLppiPwX+y0Q6WiwMZgpd9keKe2EAENgAuI=
github.com/aws/aws-sdk-go-v2/credentials v1.17.4/go.mod h1:+30tpwrkOgvkJL1rUZuRLoxcJwtI/OkeBLYnHxJtVe0=
github.com/aws/aws-sdk-go-v2/feature/s3/manager v1.16.1 h1:FqtJUSBgT2yfZ8kZhTi9AO131qMLOzb4MiH4riAM8XM=
github.com/aws/aws-sdk-go-v2/feature/s3/manager v1.16.1/go.mod h1:G3V4qNUPMHKrXW/l149QXmHjf1vlMWBO4UuGPCK4a/c=
github.com/aws/aws-sdk-go-v2/feature/s3/manager v1.16.6 h1:prcsGA3onmpc7ea1W/m+SMj4uOn5vZ63uJp805UhJJs=
github.com/aws/aws-sdk-go-v2/feature/s3/manager v1.16.6/go.mod h1:7eQrvATnVFDY0WfMYhfKkSQ1YtZlClT71fAAlsA1s34=
github.com/aws/aws-sdk-go-v2/internal/configsources v1.3.0 h1:NPs/EqVO+ajwOoq56EfcGKa3L3ruWuazkIw1BqxwOPw=
github.com/aws/aws-sdk-go-v2/internal/configsources v1.3.0/go.mod h1:D+duLy2ylgatV+yTlQ8JTuLfDD0BnFvnQRc+o6tbZ4M=
github.com/aws/aws-sdk-go-v2/internal/configsources v1.3.2 h1:bNo4LagzUKbjdxE0tIcR9pMzLR2U/Tgie1Hq1HQ3iH8=
github.com/aws/aws-sdk-go-v2/internal/configsources v1.3.2/go.mod h1:wRQv0nN6v9wDXuWThpovGQjqF1HFdcgWjporw14lS8k=
github.com/aws/aws-sdk-go-v2/internal/endpoints/v2 v2.6.0 h1:ks7KGMVUMoDzcxNWUlEdI+/lokMFD136EL6DWmUOV80=
github.com/aws/aws-sdk-go-v2/internal/endpoints/v2 v2.6.0/go.mod h1:hL6BWM/d/qz113fVitZjbXR0E+RCTU1+x+1Idyn5NgE=
github.com/aws/aws-sdk-go-v2/internal/endpoints/v2 v2.6.2 h1:EtOU5jsPdIQNP+6Q2C5e3d65NKT1PeCiQk+9OdzO12Q=
github.com/aws/aws-sdk-go-v2/internal/endpoints/v2 v2.6.2/go.mod h1:tyF5sKccmDz0Bv4NrstEr+/9YkSPJHrcO7UsUKf7pWM=
github.com/aws/aws-sdk-go-v2/internal/v4a v1.3.0 h1:TkbRExyKSVHELwG9gz2+gql37jjec2R5vus9faTomwE=
github.com/aws/aws-sdk-go-v2/internal/v4a v1.3.0/go.mod h1:T3/9xMKudHhnj8it5EqIrhvv11tVZqWYkKcot+BFStc=
github.com/aws/aws-sdk-go-v2/internal/v4a v1.3.2 h1:en92G0Z7xlksoOylkUhuBSfJgijC7rHVLRdnIlHEs0E=
github.com/aws/aws-sdk-go-v2/internal/v4a v1.3.2/go.mod h1:HgtQ/wN5G+8QSlK62lbOtNwQ3wTSByJ4wH2rCkPt+AE=
github.com/aws/aws-sdk-go-v2/service/internal/accept-encoding v1.11.0 h1:a33HuFlO0KsveiP90IUJh8Xr/cx9US2PqkSroaLc+o8=
github.com/aws/aws-sdk-go-v2/service/internal/accept-encoding v1.11.0/go.mod h1:SxIkWpByiGbhbHYTo9CMTUnx2G4p4ZQMrDPcRRy//1c=
github.com/aws/aws-sdk-go-v2/service/internal/accept-encoding v1.11.1 h1:EyBZibRTVAs6ECHZOw5/wlylS9OcTzwyjeQMudmREjE=
github.com/aws/aws-sdk-go-v2/service/internal/accept-encoding v1.11.1/go.mod h1:JKpmtYhhPs7D97NL/ltqz7yCkERFW5dOlHyVl66ZYF8=
github.com/aws/aws-sdk-go-v2/service/internal/checksum v1.3.0 h1:UiSyK6ent6OKpkMJN3+k5HZ4sk4UfchEaaW5wv7SblQ=
github.com/aws/aws-sdk-go-v2/service/internal/checksum v1.3.0/go.mod h1:l7kzl8n8DXoRyFz5cIMG70HnPauWa649TUhgw8Rq6lo=
github.com/aws/aws-sdk-go-v2/service/internal/checksum v1.3.2 h1:zSdTXYLwuXDNPUS+V41i1SFDXG7V0ITp0D9UT9Cvl18=
github.com/aws/aws-sdk-go-v2/service/internal/checksum v1.3.2/go.mod h1:v8m8k+qVy95nYi7d56uP1QImleIIY25BPiNJYzPBdFE=
github.com/aws/aws-sdk-go-v2/service/internal/presigned-url v1.11.0 h1:SHN/umDLTmFTmYfI+gkanz6da3vK8Kvj/5wkqnTHbuA=
github.com/aws/aws-sdk-go-v2/service/internal/presigned-url v1.11.0/go.mod h1:l8gPU5RYGOFHJqWEpPMoRTP0VoaWQSkJdKo+hwWnnDA=
github.com/aws/aws-sdk-go-v2/service/internal/presigned-url v1.11.2 h1:5ffmXjPtwRExp1zc7gENLgCPyHFbhEPwVTkTiH9niSk=
github.com/aws/aws-sdk-go-v2/service/internal/presigned-url v1.11.2/go.mod h1:Ru7vg1iQ7cR4i7SZ/JTLYN9kaXtbL69UdgG0OQWQxW0=
github.com/aws/aws-sdk-go-v2/service/internal/s3shared v1.17.0 h1:l5puwOHr7IxECuPMIuZG7UKOzAnF24v6t4l+Z5Moay4=
github.com/aws/aws-sdk-go-v2/service/internal/s3shared v1.17.0/go.mod h1:Oov79flWa/n7Ni+lQC3z+VM7PoRM47omRqbJU9B5Y7E=
github.com/aws/aws-sdk-go-v2/service/internal/s3shared v1.17.2 h1:1oY1AVEisRI4HNuFoLdRUB0hC63ylDAN6Me3MrfclEg=
github.com/aws/aws-sdk-go-v2/service/internal/s3shared v1.17.2/go.mod h1:KZ03VgvZwSjkT7fOetQ/wF3MZUvYFirlI1H5NklUNsY=
github.com/aws/aws-sdk-go-v2/service/s3 v1.50.0 h1:jZAdMD1ioZdqirzzVVRhpHHWJmcGGCn8JqDYBs5nmYA=
github.com/aws/aws-sdk-go-v2/service/s3 v1.50.0/go.mod h1:1o/W6JFUuREj2ExoQ21vHJgO7wakvjhol91M9eknFgs=
github.com/aws/aws-sdk-go-v2/service/s3 v1.51.1 h1:juZ+uGargZOrQGNxkVHr9HHR/0N+Yu8uekQnV7EAVRs=
github.com/aws/aws-sdk-go-v2/service/s3 v1.51.1/go.mod h1:SoR0c7Jnq8Tpmt0KSLXIavhjmaagRqQpe9r70W3POJg=
github.com/aws/smithy-go v1.20.0 h1:6+kZsCXZwKxZS9RfISnPc4EXlHoyAkm2hPuM8X2BrrQ=
github.com/aws/smithy-go v1.20.0/go.mod h1:uo5RKksAl4PzhqaAbjd4rLgFoq5koTsQKYuGe7dklGc=
github.com/aws/smithy-go v1.20.1 h1:4SZlSlMr36UEqC7XOyRVb27XMeZubNcBNN+9IgEPIQw=
github.com/aws/smithy-go v1.20.1/go.mod h1:krry+ya/rV9RDcV/Q16kpu6ypI4K2czasz0NC3qS14E=
github.com/danieljoos/wincred v1.2.1 h1:dl9cBrupW8+r5250DYkYxocLeZ1Y4vB1kxgtjxw8GQs=
github.com/danieljoos/wincred v1.2.1/go.mod h1:uGaFL9fDn3OLTvzCGulzE+SzjEe5NGlh5FdCcyfPwps=
github.com/davecgh/go-spew v1.1.0/go.mod h1:J7Y8YcW2NihsgmVo/mv3lAwl/skON4iLHjSsI+c5H38=
github.com/davecgh/go-spew v1.1.1/go.mod h1:J7Y8YcW2NihsgmVo/mv3lAwl/skON4iLHjSsI+c5H38=
github.com/dvsekhvalnov/jose2go v1.6.0 h1:Y9gnSnP4qEI0+/uQkHvFXeD2PLPJeXEL+ySMEA2EjTY=
github.com/dvsekhvalnov/jose2go v1.6.0/go.mod h1:QsHjhyTlD/lAVqn/NSbVZmSCGeDehTB/mPZadG+mhXU=
github.com/form3tech-oss/jwt-go v3.2.5+incompatible h1:/l4kBbb4/vGSsdtB5nUe8L7B9mImVMaBPw9L/0TBHU8=
github.com/form3tech-oss/jwt-go v3.2.5+incompatible/go.mod h1:pbq4aXjuKjdthFRnoDwaVPLA+WlJuPGy+QneDUgJi2k=
github.com/gabriel-vasile/mimetype v1.4.3 h1:in2uUcidCuFcDKtdcBxlR0rJ1+fsokWf+uqxgUFjbI0=
github.com/gabriel-vasile/mimetype v1.4.3/go.mod h1:d8uq/6HKRL6CGdk+aubisF/M5GcPfT7nKyLpA0lbSSk=
github.com/goccy/go-json v0.10.2 h1:CrxCmQqYDkv1z7lO7Wbh2HN93uovUHgrECaO5ZrCXAU=
github.com/goccy/go-json v0.10.2/go.mod h1:6MelG93GURQebXPDq3khkgXZkazVtN9CRI+MGFi0w8I=
github.com/godbus/dbus v0.0.0-20190726142602-4481cbc300e2 h1:ZpnhV/YsD2/4cESfV5+Hoeu/iUR3ruzNvZ+yQfO03a0=
github.com/godbus/dbus v0.0.0-20190726142602-4481cbc300e2/go.mod h1:bBOAhwG1umN6/6ZUMtDFBMQR8jRg9O75tm9K00oMsK4=
github.com/google/flatbuffers v23.5.26+incompatible h1:M9dgRyhJemaM4Sw8+66GHBu8ioaQmyPLg1b8VwK5WJg=
github.com/google/flatbuffers v23.5.26+incompatible/go.mod h1:1AeVuKshWv4vARoZatz6mlQ0JxURH0Kv5+zNeJKJCa8=
github.com/gsterjov/go-libsecret v0.0.0-20161001094733-a6f4afe4910c h1:6rhixN/i8ZofjG1Y75iExal34USq5p+wiN1tpie8IrU=
github.com/gsterjov/go-libsecret v0.0.0-20161001094733-a6f4afe4910c/go.mod h1:NMPJylDgVpX0MLRlPy15sqSwOFv/U1GZ2m21JhFfek0=
github.com/jmespath/go-jmespath v0.4.0 h1:BEgLn5cpjn8UN1mAw4NjwDrS35OdebyEtFe+9YPoQUg=
github.com/jmespath/go-jmespath v0.4.0/go.mod h1:T8mJZnbsbmF+m6zOOFylbeCJqk5+pHWvzYPziyZiYoo=
github.com/jmespath/go-jmespath/internal/testify v1.5.1/go.mod h1:L3OGu8Wl2/fWfCI6z80xFu9LTZmf1ZRjMHUOPmWr69U=
github.com/klauspost/compress v1.17.6 h1:60eq2E/jlfwQXtvZEeBUYADs+BwKBWURIY+Gj2eRGjI=
github.com/klauspost/compress v1.17.6/go.mod h1:/dCuZOvVtNoHsyb+cuJD3itjs3NbnF6KH9zAO4BDxPM=
github.com/klauspost/compress v1.17.7 h1:ehO88t2UGzQK66LMdE8tibEd1ErmzZjNEqWkjLAKQQg=
github.com/klauspost/compress v1.17.7/go.mod h1:Di0epgTjJY877eYKx5yC51cX2A2Vl2ibi7bDH9ttBbw=
github.com/klauspost/cpuid/v2 v2.2.6 h1:ndNyv040zDGIDh8thGkXYjnFtiN02M1PVVF+JE/48xc=
github.com/klauspost/cpuid/v2 v2.2.6/go.mod h1:Lcz8mBdAVJIBVzewtcLocK12l3Y+JytZYpaMropDUws=
github.com/klauspost/cpuid/v2 v2.2.7 h1:ZWSB3igEs+d0qvnxR/ZBzXVmxkgt8DdzP6m9pfuVLDM=
github.com/klauspost/cpuid/v2 v2.2.7/go.mod h1:Lcz8mBdAVJIBVzewtcLocK12l3Y+JytZYpaMropDUws=
github.com/kr/pty v1.1.1/go.mod h1:pFQYn66WHrOpPYNljwOMqo10TkYh1fy3cYio2l3bCsQ=
github.com/kr/text v0.1.0/go.mod h1:4Jbv+DJW3UT/LiOwJeYQe1efqtUx/iVham/4vfdArNI=
github.com/mtibben/percent v0.2.1 h1:5gssi8Nqo8QU/r2pynCm+hBQHpkB/uNK7BJCFogWdzs=
github.com/mtibben/percent v0.2.1/go.mod h1:KG9uO+SZkUp+VkRHsCdYQV3XSZrrSpR3O9ibNBTZrns=
github.com/niemeyer/pretty v0.0.0-20200227124842-a10e7caefd8e/go.mod h1:zD1mROLANZcx1PVRCS0qkT7pwLkGfwJo4zjcN/Tysno=
github.com/pierrec/lz4/v4 v4.1.21 h1:yOVMLb6qSIDP67pl/5F7RepeKYu/VmTyEXvuMI5d9mQ=
github.com/pierrec/lz4/v4 v4.1.21/go.mod h1:gZWDp/Ze/IJXGXf23ltt2EXimqmTUXEy0GFuRQyBid4=
github.com/pkg/browser v0.0.0-20240102092130-5ac0b6a4141c h1:+mdjkGKdHQG3305AYmdv1U2eRNDiU2ErMBj1gwrq8eQ=
github.com/pkg/browser v0.0.0-20240102092130-5ac0b6a4141c/go.mod h1:7rwL4CYBLnjLxUqIJNnCWiEdr3bn6IUYi15bNlnbCCU=
github.com/pmezard/go-difflib v1.0.0/go.mod h1:iKH77koFhYxTK1pcRnkKkqfTogsbg7gZNVY4sRDYZ/4=
github.com/sirupsen/logrus v1.9.3 h1:dueUQJ1C2q9oE3F7wvmSGAaVtTmUizReu6fjN8uqzbQ=
github.com/sirupsen/logrus v1.9.3/go.mod h1:naHLuLoDiP4jHNo9R0sCBMtWGeIprob74mVsIT4qYEQ=
github.com/snowflakedb/gosnowflake v1.7.2 h1:HRSwva8YXC64WUppfmHcMNVVzSE1+EwXXaJxgS0EkTo=
github.com/snowflakedb/gosnowflake v1.7.2/go.mod h1:03tW856vc3ceM4rJuj7KO4dzqN7qoezTm+xw7aPIIFo=
github.com/snowflakedb/gosnowflake v1.8.0 h1:4bQj8eAYGMkou/nICiIEb9jSbBLDDp5cB6JaKx9WwiA=
github.com/snowflakedb/gosnowflake v1.8.0/go.mod h1:7yyY2MxtDti2eXgtvlZ8QxzCN6KV2B4qb1HuygMI+0U=
github.com/stretchr/objx v0.1.0/go.mod h1:HFkY916IF+rwdDfMAkV7OtwuqBVzrE8GR6GFx+wExME=
github.com/stretchr/testify v1.7.0/go.mod h1:6Fq8oRcR53rry900zMqJjRRixrwX3KX962/h/Wwjteg=
github.com/zeebo/xxh3 v1.0.2 h1:xZmwmqxHZA8AI603jOQ0tMqmBr9lPeFwGg6d+xy9DC0=
github.com/zeebo/xxh3 v1.0.2/go.mod h1:5NWz9Sef7zIDm2JHfFlcQvNekmcEl9ekUZQQKCYaDcA=
golang.org/x/crypto v0.19.0 h1:ENy+Az/9Y1vSrlrvBSyna3PITt4tiZLf7sgCjZBX7Wo=
golang.org/x/crypto v0.19.0/go.mod h1:Iy9bg/ha4yyC70EfRS8jz+B6ybOBKMaSxLj6P6oBDfU=
golang.org/x/exp v0.0.0-20240213143201-ec583247a57a h1:HinSgX1tJRX3KsL//Gxynpw5CTOAIPhgL4W8PNiIpVE=
golang.org/x/exp v0.0.0-20240213143201-ec583247a57a/go.mod h1:CxmFvTBINI24O/j8iY7H1xHzx2i4OsyguNBmN/uPtqc=
golang.org/x/exp v0.0.0-20240222234643-814bf88cf225 h1:LfspQV/FYTatPTr/3HzIcmiUFH7PGP+OQ6mgDYo3yuQ=
golang.org/x/exp v0.0.0-20240222234643-814bf88cf225/go.mod h1:CxmFvTBINI24O/j8iY7H1xHzx2i4OsyguNBmN/uPtqc=
golang.org/x/mod v0.15.0 h1:SernR4v+D55NyBH2QiEQrlBAnj1ECL6AGrA5+dPaMY8=
golang.org/x/mod v0.15.0/go.mod h1:hTbmBsO62+eylJbnUtE2MGJUyE7QWk4xUqPFrRgJ+7c=
golang.org/x/net v0.21.0 h1:AQyQV4dYCvJ7vGmJyKki9+PBdyvhkSd8EIx/qb0AYv4=
golang.org/x/net v0.21.0/go.mod h1:bIjVDfnllIU7BJ2DNgfnXvpSvtn8VRwhlsaeUTyUS44=
golang.org/x/sync v0.6.0 h1:5BMeUDZ7vkXGfEr1x9B4bRcTH4lpkTkpdh0T/J+qjbQ=
golang.org/x/sync v0.6.0/go.mod h1:Czt+wKu1gCyEFDUtn0jG5QVvpJ6rzVqr5aXyt9drQfk=
golang.org/x/sys v0.0.0-20220715151400-c0bba94af5f8/go.mod h1:oPkhp1MJrh7nUepCBck5+mAzfO9JrbApNNgaTdGDITg=
golang.org/x/sys v0.1.0/go.mod h1:oPkhp1MJrh7nUepCBck5+mAzfO9JrbApNNgaTdGDITg=
golang.org/x/sys v0.5.0/go.mod h1:oPkhp1MJrh7nUepCBck5+mAzfO9JrbApNNgaTdGDITg=
golang.org/x/sys v0.17.0 h1:25cE3gD+tdBA7lp7QfhuV+rJiE9YXTcS3VG1SqssI/Y=
golang.org/x/sys v0.17.0/go.mod h1:/VUhepiaJMQUp4+oa/7Zr1D23ma6VTLIYjOOTFZPUcA=
golang.org/x/term v0.17.0 h1:mkTF7LCd6WGJNL3K1Ad7kwxNfYAW6a8a8QqtMblp/4U=
golang.org/x/term v0.17.0/go.mod h1:lLRBjIVuehSbZlaOtGMbcMncT+aqLLLmKrsjNrUguwk=
golang.org/x/text v0.14.0 h1:ScX5w1eTa3QqT8oi6+ziP7dTV1S2+ALU0bI+0zXKWiQ=
golang.org/x/text v0.14.0/go.mod h1:18ZOQIKpY8NJVqYksKHtTdi31H5itFRjB5/qKTNYzSU=
golang.org/x/tools v0.18.0 h1:k8NLag8AGHnn+PHbl7g43CtqZAwG60vZkLqgyZgIHgQ=
golang.org/x/tools v0.18.0/go.mod h1:GL7B4CwcLLeo59yx/9UWWuNOW1n3VZ4f5axWfML7Lcg=
golang.org/x/xerrors v0.0.0-20231012003039-104605ab7028 h1:+cNy6SZtPcJQH3LJVLOSmiC7MMxXNOb3PU/VUEz+EhU=
golang.org/x/xerrors v0.0.0-20231012003039-104605ab7028/go.mod h1:NDW/Ps6MPRej6fsCIbMTohpP40sJ/P/vI1MoTEGwX90=
gopkg.in/check.v1 v0.0.0-20161208181325-20d25e280405/go.mod h1:Co6ibVJAznAaIkqp8huTwlJQCZ016jof/cbN4VW5Yz0=
gopkg.in/check.v1 v1.0.0-20200902074654-038fdea0a05b/go.mod h1:Co6ibVJAznAaIkqp8huTwlJQCZ016jof/cbN4VW5Yz0=
gopkg.in/yaml.v2 v2.2.8/go.mod h1:hI93XBmqTisBFMUTm0b8Fm+jr3Dg1NNxqwp+5A1VGuI=
gopkg.in/yaml.v2 v2.4.0 h1:D8xgwECY7CYvx+Y2n4sBz93Jn9JRvxdiyyo8CTfuKaY=
gopkg.in/yaml.v2 v2.4.0/go.mod h1:RDklbk79AGWmwhnvt/jBztapEOGDOx6ZbXqjP6csGnQ=
gopkg.in/yaml.v3 v3.0.0-20200313102051-9f266ea9e77c/go.mod h1:K4uyk7z7BCEPqu6E+C64Yfv1cQ7kz7rIZviUmN+EgEM=
